
Microsoft Visual Studio Solution File, Format Version 12.00
# Visual Studio Version 17
VisualStudioVersion = 17.14.36705.20 d17.14
MinimumVisualStudioVersion = 10.0.40219.1
Project("{FAE04EC0-301F-11D3-BF4B-00C04F79EFBC}") = "RepositoryPattern", "RepositoryPattern\RepositoryPattern.csproj", "{1BC92C2E-DA64-46C8-87D6-E550977EB59E}"
EndProject
Global
	GlobalSection(SolutionConfigurationPlatforms) = preSolution
		Debug|Any CPU = Debug|Any CPU
		Release|Any CPU = Release|Any CPU
	EndGlobalSection
	GlobalSection(ProjectConfigurationPlatforms) = postSolution
		{1BC92C2E-DA64-46C8-87D6-E550977EB59E}.Debug|Any CPU.ActiveCfg = Debug|Any CPU
		{1BC92C2E-DA64-46C8-87D6-E550977EB59E}.Debug|Any CPU.Build.0 = Debug|Any CPU
		{1BC92C2E-DA64-46C8-87D6-E550977EB59E}.Release|Any CPU.ActiveCfg = Release|Any CPU
		{1BC92C2E-DA64-46C8-87D6-E550977EB59E}.Release|Any CPU.Build.0 = Release|Any CPU
	EndGlobalSection
	GlobalSection(SolutionProperties) = preSolution
		HideSolutionNode = FALSE
	EndGlobalSection
	GlobalSection(ExtensibilityGlobals) = postSolution
		SolutionGuid = {F5D9F57D-B4E8-40FE-9BE3-364B77FC118D}
	EndGlobalSection
EndGlobal
